{
  "requires": true,
  "lockfileVersion": 1,
  "dependencies": {
    "@types/node": {
      "version": "14.14.33",
      "resolved": "https://registry.npmjs.org/@types/node/-/node-14.14.33.tgz",
      "integrity": "sha512-oJqcTrgPUF29oUP8AsUqbXGJNuPutsetaa9kTQAQce5Lx5dTYWV02ScBiT/k1BX/Z7pKeqedmvp39Wu4zR7N7g=="
    },
    "@types/sax": {
      "version": "1.2.1",
      "resolved": "https://registry.npmjs.org/@types/sax/-/sax-1.2.1.tgz",
      "integrity": "sha512-dqYdvN7Sbw8QT/0Ci5rhjE4/iCMJEM0Y9rHpCu+gGXD9Lwbz28t6HI2yegsB6BoV1sShRMU6lAmAcgRjmFy7LA==",
      "requires": {
        "@types/node": "*"
      }
    },
    "arg": {
      "version": "5.0.0",
      "resolved": "https://registry.npmjs.org/arg/-/arg-5.0.0.tgz",
      "integrity": "sha512-4P8Zm2H+BRS+c/xX1LrHw0qKpEhdlZjLCgWy+d78T9vqa2Z2SiD2wMrYuWIAFy5IZUD7nnNXroRttz+0RzlrzQ=="
    },
    "sax": {
      "version": "1.2.4",
      "resolved": "https://registry.npmjs.org/sax/-/sax-1.2.4.tgz",
      "integrity": "sha512-NqVDv9TpANUjFm0N8uM5GxL36UgKi9/atZw+x7YFnQ8ckwFGKrl4xX4yWtrey3UJm5nP1kUbnYgLopqWNSRhWw=="
    },
    "sitemap": {
      "version": "6.4.0",
      "resolved": "https://registry.npmjs.org/sitemap/-/sitemap-6.4.0.tgz",
      "integrity": "sha512-DoPKNc2/apQZTUnfiOONWctwq7s6dZVspxAZe2VPMNtoqNq7HgXRvlRnbIpKjf+8+piQdWncwcy+YhhTGY5USQ==",
      "requires": {
        "@types/node": "^14.14.28",
        "@types/sax": "^1.2.1",
        "arg": "^5.0.0",
        "sax": "^1.2.4"
      }
    }
  }
}
